
Microsoft Visual Studio Solution File, Format Version 12.00
# Visual Studio Version 16
VisualStudioVersion = 16.0.31911.196
MinimumVisualStudioVersion = 10.0.40219.1
Project("{9A19103F-16F7-4668-BE54-9A1E7A4F7556}") = "WebApi_Server", "WebApi_Server\WebApi_Server.csproj", "{B9A9DC20-C2B7-47BD-B9C4-646DED652A95}"
EndProject
Project("{FAE04EC0-301F-11D3-BF4B-00C04F79EFBC}") = "ManagerApp", "ManagerApp\ManagerApp.csproj", "{7E60D391-C3EB-495F-AD8B-641C54943666}"
EndProject
Project("{FAE04EC0-301F-11D3-BF4B-00C04F79EFBC}") = "ManagerApp.Tests", "ManagerApp.Tests\ManagerApp.Tests.csproj", "{FE4294EE-BDCE-4F21-B561-F8B99366360F}"
EndProject
Global
	GlobalSection(SolutionConfigurationPlatforms) = preSolution
		Debug|Any CPU = Debug|Any CPU
		Release|Any CPU = Release|Any CPU
	EndGlobalSection
	GlobalSection(ProjectConfigurationPlatforms) = postSolution
		{B9A9DC20-C2B7-47BD-B9C4-646DED652A95}.Debug|Any CPU.ActiveCfg = Debug|Any CPU
		{B9A9DC20-C2B7-47BD-B9C4-646DED652A95}.Debug|Any CPU.Build.0 = Debug|Any CPU
		{B9A9DC20-C2B7-47BD-B9C4-646DED652A95}.Release|Any CPU.ActiveCfg = Release|Any CPU
		{B9A9DC20-C2B7-47BD-B9C4-646DED652A95}.Release|Any CPU.Build.0 = Release|Any CPU
		{7E60D391-C3EB-495F-AD8B-641C54943666}.Debug|Any CPU.ActiveCfg = Debug|Any CPU
		{7E60D391-C3EB-495F-AD8B-641C54943666}.Debug|Any CPU.Build.0 = Debug|Any CPU
		{7E60D391-C3EB-495F-AD8B-641C54943666}.Release|Any CPU.ActiveCfg = Release|Any CPU
		{7E60D391-C3EB-495F-AD8B-641C54943666}.Release|Any CPU.Build.0 = Release|Any CPU
		{FE4294EE-BDCE-4F21-B561-F8B99366360F}.Debug|Any CPU.ActiveCfg = Debug|Any CPU
		{FE4294EE-BDCE-4F21-B561-F8B99366360F}.Debug|Any CPU.Build.0 = Debug|Any CPU
		{FE4294EE-BDCE-4F21-B561-F8B99366360F}.Release|Any CPU.ActiveCfg = Release|Any CPU
		{FE4294EE-BDCE-4F21-B561-F8B99366360F}.Release|Any CPU.Build.0 = Release|Any CPU
	EndGlobalSection
	GlobalSection(SolutionProperties) = preSolution
		HideSolutionNode = FALSE
	EndGlobalSection
	GlobalSection(ExtensibilityGlobals) = postSolution
		SolutionGuid = {21A4D904-26D7-4333-AEF3-2F20410608E1}
	EndGlobalSection
EndGlobal
